
Microsoft Visual Studio Solution File, Format Version 12.00
# Visual Studio 15
VisualStudioVersion = 15.0.27428.2015
MinimumVisualStudioVersion = 10.0.40219.1
Project("{F184B08F-C81C-45F6-A57F-5ABD9991F28F}") = "WebApi", "WebApi\WebApi.vbproj", "{5A0FFD66-60A6-4F39-ACE4-6E05047DC484}"
EndProject
Project("{F184B08F-C81C-45F6-A57F-5ABD9991F28F}") = "MVC", "MVC\MVC.vbproj", "{420FB270-7B41-4154-9A70-3B49D94F62D1}"
EndProject
Global
	GlobalSection(SolutionConfigurationPlatforms) = preSolution
		Debug|Any CPU = Debug|Any CPU
		Release|Any CPU = Release|Any CPU
	EndGlobalSection
	GlobalSection(ProjectConfigurationPlatforms) = postSolution
		{5A0FFD66-60A6-4F39-ACE4-6E05047DC484}.Debug|Any CPU.ActiveCfg = Debug|Any CPU
		{5A0FFD66-60A6-4F39-ACE4-6E05047DC484}.Debug|Any CPU.Build.0 = Debug|Any CPU
		{5A0FFD66-60A6-4F39-ACE4-6E05047DC484}.Release|Any CPU.ActiveCfg = Release|Any CPU
		{5A0FFD66-60A6-4F39-ACE4-6E05047DC484}.Release|Any CPU.Build.0 = Release|Any CPU
		{420FB270-7B41-4154-9A70-3B49D94F62D1}.Debug|Any CPU.ActiveCfg = Debug|Any CPU
		{420FB270-7B41-4154-9A70-3B49D94F62D1}.Debug|Any CPU.Build.0 = Debug|Any CPU
		{420FB270-7B41-4154-9A70-3B49D94F62D1}.Release|Any CPU.ActiveCfg = Release|Any CPU
		{420FB270-7B41-4154-9A70-3B49D94F62D1}.Release|Any CPU.Build.0 = Release|Any CPU
	EndGlobalSection
	GlobalSection(SolutionProperties) = preSolution
		HideSolutionNode = FALSE
	EndGlobalSection
	GlobalSection(ExtensibilityGlobals) = postSolution
		SolutionGuid = {1B36646C-018C-45DB-AE8E-010D06C50298}
	EndGlobalSection
EndGlobal
